
Microsoft Visual Studio Solution File, Format Version 12.00
# Visual Studio Version 16
VisualStudioVersion = 16.0.29806.167
MinimumVisualStudioVersion = 10.0.40219.1
Project("{FAE04EC0-301F-11D3-BF4B-00C04F79EFBC}") = "BmiIEst.Android", "BmiIEst\BmiIEst.Android\BmiIEst.Android.csproj", "{8C063176-C66D-49BC-9176-BCA452AB4129}"
EndProject
Project("{FAE04EC0-301F-11D3-BF4B-00C04F79EFBC}") = "BmiIEst.iOS", "BmiIEst\BmiIEst.iOS\BmiIEst.iOS.csproj", "{C0568575-5190-4739-9004-9A278F5D204C}"
EndProject
Project("{FAE04EC0-301F-11D3-BF4B-00C04F79EFBC}") = "BmiIEst", "BmiIEst\BmiIEst\BmiIEst.csproj", "{4ECC418C-CB80-41E9-96BF-E3945767D8CE}"
EndProject
Global
	GlobalSection(SolutionConfigurationPlatforms) = preSolution
		Debug|Any CPU = Debug|Any CPU
		Debug|iPhone = Debug|iPhone
		Debug|iPhoneSimulator = Debug|iPhoneSimulator
		Release|Any CPU = Release|Any CPU
		Release|iPhone = Release|iPhone
		Release|iPhoneSimulator = Release|iPhoneSimulator
	EndGlobalSection
	GlobalSection(ProjectConfigurationPlatforms) = postSolution
		{8C063176-C66D-49BC-9176-BCA452AB4129}.Debug|Any CPU.ActiveCfg = Debug|Any CPU
		{8C063176-C66D-49BC-9176-BCA452AB4129}.Debug|Any CPU.Build.0 = Debug|Any CPU
		{8C063176-C66D-49BC-9176-BCA452AB4129}.Debug|Any CPU.Deploy.0 = Debug|Any CPU
		{8C063176-C66D-49BC-9176-BCA452AB4129}.Debug|iPhone.ActiveCfg = Debug|Any CPU
		{8C063176-C66D-49BC-9176-BCA452AB4129}.Debug|iPhone.Build.0 = Debug|Any CPU
		{8C063176-C66D-49BC-9176-BCA452AB4129}.Debug|iPhone.Deploy.0 = Debug|Any CPU
		{8C063176-C66D-49BC-9176-BCA452AB4129}.Debug|iPhoneSimulator.ActiveCfg = Debug|Any CPU
		{8C063176-C66D-49BC-9176-BCA452AB4129}.Debug|iPhoneSimulator.Build.0 = Debug|Any CPU
		{8C063176-C66D-49BC-9176-BCA452AB4129}.Debug|iPhoneSimulator.Deploy.0 = Debug|Any CPU
		{8C063176-C66D-49BC-9176-BCA452AB4129}.Release|Any CPU.ActiveCfg = Release|Any CPU
		{8C063176-C66D-49BC-9176-BCA452AB4129}.Release|Any CPU.Build.0 = Release|Any CPU
		{8C063176-C66D-49BC-9176-BCA452AB4129}.Release|Any CPU.Deploy.0 = Release|Any CPU
		{8C063176-C66D-49BC-9176-BCA452AB4129}.Release|iPhone.ActiveCfg = Release|Any CPU
		{8C063176-C66D-49BC-9176-BCA452AB4129}.Release|iPhone.Build.0 = Release|Any CPU
		{8C063176-C66D-49BC-9176-BCA452AB4129}.Release|iPhone.Deploy.0 = Release|Any CPU
		{8C063176-C66D-49BC-9176-BCA452AB4129}.Release|iPhoneSimulator.ActiveCfg = Release|Any CPU
		{8C063176-C66D-49BC-9176-BCA452AB4129}.Release|iPhoneSimulator.Build.0 = Release|Any CPU
		{8C063176-C66D-49BC-9176-BCA452AB4129}.Release|iPhoneSimulator.Deploy.0 = Release|Any CPU
		{C0568575-5190-4739-9004-9A278F5D204C}.Debug|Any CPU.ActiveCfg = Debug|iPhoneSimulator
		{C0568575-5190-4739-9004-9A278F5D204C}.Debug|Any CPU.Build.0 = Debug|iPhoneSimulator
		{C0568575-5190-4739-9004-9A278F5D204C}.Debug|Any CPU.Deploy.0 = Debug|iPhoneSimulator
		{C0568575-5190-4739-9004-9A278F5D204C}.Debug|iPhone.ActiveCfg = Debug|iPhone
		{C0568575-5190-4739-9004-9A278F5D204C}.Debug|iPhone.Build.0 = Debug|iPhone
		{C0568575-5190-4739-9004-9A278F5D204C}.Debug|iPhone.Deploy.0 = Debug|iPhone
		{C0568575-5190-4739-9004-9A278F5D204C}.Debug|iPhoneSimulator.ActiveCfg = Debug|iPhoneSimulator
		{C0568575-5190-4739-9004-9A278F5D204C}.Debug|iPhoneSimulator.Build.0 = Debug|iPhoneSimulator
		{C0568575-5190-4739-9004-9A278F5D204C}.Debug|iPhoneSimulator.Deploy.0 = Debug|iPhoneSimulator
		{C0568575-5190-4739-9004-9A278F5D204C}.Release|Any CPU.ActiveCfg = Release|iPhone
		{C0568575-5190-4739-9004-9A278F5D204C}.Release|Any CPU.Build.0 = Release|iPhone
		{C0568575-5190-4739-9004-9A278F5D204C}.Release|Any CPU.Deploy.0 = Release|iPhone
		{C0568575-5190-4739-9004-9A278F5D204C}.Release|iPhone.ActiveCfg = Release|iPhone
		{C0568575-5190-4739-9004-9A278F5D204C}.Release|iPhone.Build.0 = Release|iPhone
		{C0568575-5190-4739-9004-9A278F5D204C}.Release|iPhone.Deploy.0 = Release|iPhone
		{C0568575-5190-4739-9004-9A278F5D204C}.Release|iPhoneSimulator.ActiveCfg = Release|iPhoneSimulator
		{C0568575-5190-4739-9004-9A278F5D204C}.Release|iPhoneSimulator.Build.0 = Release|iPhoneSimulator
		{C0568575-5190-4739-9004-9A278F5D204C}.Release|iPhoneSimulator.Deploy.0 = Release|iPhoneSimulator
		{4ECC418C-CB80-41E9-96BF-E3945767D8CE}.Debug|Any CPU.ActiveCfg = Debug|Any CPU
		{4ECC418C-CB80-41E9-96BF-E3945767D8CE}.Debug|Any CPU.Build.0 = Debug|Any CPU
		{4ECC418C-CB80-41E9-96BF-E3945767D8CE}.Debug|Any CPU.Deploy.0 = Debug|Any CPU
		{4ECC418C-CB80-41E9-96BF-E3945767D8CE}.Debug|iPhone.ActiveCfg = Debug|Any CPU
		{4ECC418C-CB80-41E9-96BF-E3945767D8CE}.Debug|iPhone.Build.0 = Debug|Any CPU
		{4ECC418C-CB80-41E9-96BF-E3945767D8CE}.Debug|iPhone.Deploy.0 = Debug|Any CPU
		{4ECC418C-CB80-41E9-96BF-E3945767D8CE}.Debug|iPhoneSimulator.ActiveCfg = Debug|Any CPU
		{4ECC418C-CB80-41E9-96BF-E3945767D8CE}.Debug|iPhoneSimulator.Build.0 = Debug|Any CPU
		{4ECC418C-CB80-41E9-96BF-E3945767D8CE}.Debug|iPhoneSimulator.Deploy.0 = Debug|Any CPU
		{4ECC418C-CB80-41E9-96BF-E3945767D8CE}.Release|Any CPU.ActiveCfg = Release|Any CPU
		{4ECC418C-CB80-41E9-96BF-E3945767D8CE}.Release|Any CPU.Build.0 = Release|Any CPU
		{4ECC418C-CB80-41E9-96BF-E3945767D8CE}.Release|Any CPU.Deploy.0 = Release|Any CPU
		{4ECC418C-CB80-41E9-96BF-E3945767D8CE}.Release|iPhone.ActiveCfg = Release|Any CPU
		{4ECC418C-CB80-41E9-96BF-E3945767D8CE}.Release|iPhone.Build.0 = Release|Any CPU
		{4ECC418C-CB80-41E9-96BF-E3945767D8CE}.Release|iPhone.Deploy.0 = Release|Any CPU
		{4ECC418C-CB80-41E9-96BF-E3945767D8CE}.Release|iPhoneSimulator.ActiveCfg = Release|Any CPU
		{4ECC418C-CB80-41E9-96BF-E3945767D8CE}.Release|iPhoneSimulator.Build.0 = Release|Any CPU
		{4ECC418C-CB80-41E9-96BF-E3945767D8CE}.Release|iPhoneSimulator.Deploy.0 = Release|Any CPU
	EndGlobalSection
	GlobalSection(SolutionProperties) = preSolution
		HideSolutionNode = FALSE
	EndGlobalSection
	GlobalSection(ExtensibilityGlobals) = postSolution
		SolutionGuid = {658AB78A-A82C-45A1-8E9B-1816642782AE}
	EndGlobalSection
EndGlobal
